// !$*UTF8*$!
{
	archiveVersion = 1;
	classes = {
	};
	objectVersion = 48;
	objects = {

/* Begin PBXBuildFile section */
		710B855D1F948404004DBC72 /* AppDelegate.swift in Sources */ = {isa = PBXBuildFile; fileRef = 710B855C1F948404004DBC72 /* AppDelegate.swift */; };
		710B855F1F948404004DBC72 /* ViewController.swift in Sources */ = {isa = PBXBuildFile; fileRef = 710B855E1F948404004DBC72 /* ViewController.swift */; };
		710B85621F948404004DBC72 /* Main.storyboard in Resources */ = {isa = PBXBuildFile; fileRef = 710B85601F948404004DBC72 /* Main.storyboard */; };
		710B85641F948404004DBC72 /* Assets.xcassets in Resources */ = {isa = PBXBuildFile; fileRef = 710B85631F948404004DBC72 /* Assets.xcassets */; };
		710B85671F948404004DBC72 /* LaunchScreen.storyboard in Resources */ = {isa = PBXBuildFile; fileRef = 710B85651F948404004DBC72 /* LaunchScreen.storyboard */; };
		710B85721F948404004DBC72 /* GarageOpenerTests.swift in Sources */ = {isa = PBXBuildFile; fileRef = 710B85711F948404004DBC72 /* GarageOpenerTests.swift */; };
		710B857D1F9485BF004DBC72 /* GarageOpenerButton.swift in Sources */ = {isa = PBXBuildFile; fileRef = 710B857C1F9485BF004DBC72 /* GarageOpenerButton.swift */; };
/* End PBXBuildFile section */

/* Begin PBXContainerItemProxy section */
		710B856E1F948404004DBC72 /* PBXContainerItemProxy */ = {
			isa = PBXContainerItemProxy;
			containerPortal = 710B85511F948404004DBC72 /* Project object */;
			proxyType = 1;
			remoteGlobalIDString = 710B85581F948404004DBC72;
			remoteInfo = GarageOpener;
		};
/* End PBXContainerItemProxy section */

/* Begin PBXFileReference section */
		710B85591F948404004DBC72 /* GarageOpener.app */ = {isa = PBXFileReference; explicitFileType = wrapper.application; includeInIndex = 0; path = GarageOpener.app; sourceTree = BUILT_PRODUCTS_DIR; };
		710B855C1F948404004DBC72 /* AppDelegate.swift */ = {isa = PBXFileReference; lastKnownFileType = sourcecode.swift; path = AppDelegate.swift; sourceTree = "<group>"; };
		710B855E1F948404004DBC72 /* ViewController.swift */ = {isa = PBXFileReference; lastKnownFileType = sourcecode.swift; path = ViewController.swift; sourceTree = "<group>"; };
		710B85611F948404004DBC72 /* Base */ = {isa = PBXFileReference; lastKnownFileType = file.storyboard; name = Base; path = Base.lproj/Main.storyboard; sourceTree = "<group>"; };
		710B85631F948404004DBC72 /* Assets.xcassets */ = {isa = PBXFileReference; lastKnownFileType = folder.assetcatalog; path = Assets.xcassets; sourceTree = "<group>"; };
		710B85661F948404004DBC72 /* Base */ = {isa = PBXFileReference; lastKnownFileType = file.storyboard; name = Base; path = Base.lproj/LaunchScreen.storyboard; sourceTree = "<group>"; };
		710B85681F948404004DBC72 /* Info.plist */ = {isa = PBXFileReference; lastKnownFileType = text.plist.xml; path = Info.plist; sourceTree = "<group>"; };
		710B856D1F948404004DBC72 /* GarageOpenerTests.xctest */ = {isa = PBXFileReference; explicitFileType = wrapper.cfbundle; includeInIndex = 0; path = GarageOpenerTests.xctest; sourceTree = BUILT_PRODUCTS_DIR; };
		710B85711F948404004DBC72 /* GarageOpenerTests.swift */ = {isa = PBXFileReference; lastKnownFileType = sourcecode.swift; path = GarageOpenerTests.swift; sourceTree = "<group>"; };
		710B85731F948404004DBC72 /* Info.plist */ = {isa = PBXFileReference; lastKnownFileType = text.plist.xml; path = Info.plist; sourceTree = "<group>"; };
		710B857C1F9485BF004DBC72 /* GarageOpenerButton.swift */ = {isa = PBXFileReference; lastKnownFileType = sourcecode.swift; path = GarageOpenerButton.swift; sourceTree = "<group>"; };
/* End PBXFileReference section */

/* Begin PBXFrameworksBuildPhase section */
		710B85561F948404004DBC72 /* Frameworks */ = {
			isa = PBXFrameworksBuildPhase;
			buildActionMask = 2147483647;
			files = (
			);
			runOnlyForDeploymentPostprocessing = 0;
		};
		710B856A1F948404004DBC72 /* Frameworks */ = {
			isa = PBXFrameworksBuildPhase;
			buildActionMask = 2147483647;
			files = (
			);
			runOnlyForDeploymentPostprocessing = 0;
		};
/* End PBXFrameworksBuildPhase section */

/* Begin PBXGroup section */
		710B85501F948404004DBC72 = {
			isa = PBXGroup;
			children = (
				710B855B1F948404004DBC72 /* GarageOpener */,
				710B85701F948404004DBC72 /* GarageOpenerTests */,
				710B855A1F948404004DBC72 /* Products */,
			);
			sourceTree = "<group>";
		};
		710B855A1F948404004DBC72 /* Products */ = {
			isa = PBXGroup;
			children = (
				710B85591F948404004DBC72 /* GarageOpener.app */,
				710B856D1F948404004DBC72 /* GarageOpenerTests.xctest */,
			);
			name = Products;
			sourceTree = "<group>";
		};
		710B855B1F948404004DBC72 /* GarageOpener */ = {
			isa = PBXGroup;
			children = (
				710B855C1F948404004DBC72 /* AppDelegate.swift */,
				710B855E1F948404004DBC72 /* ViewController.swift */,
				710B85601F948404004DBC72 /* Main.storyboard */,
				710B85631F948404004DBC72 /* Assets.xcassets */,
				710B85651F948404004DBC72 /* LaunchScreen.storyboard */,
				710B85681F948404004DBC72 /* Info.plist */,
				710B857C1F9485BF004DBC72 /* GarageOpenerButton.swift */,
			);
			path = GarageOpener;
			sourceTree = "<group>";
		};
		710B85701F948404004DBC72 /* GarageOpenerTests */ = {
			isa = PBXGroup;
			children = (
				710B85711F948404004DBC72 /* GarageOpenerTests.swift */,
				710B85731F948404004DBC72 /* Info.plist */,
			);
			path = GarageOpenerTests;
			sourceTree = "<group>";
		};
/* End PBXGroup section */

/* Begin PBXNativeTarget section */
		710B85581F948404004DBC72 /* GarageOpener */ = {
			isa = PBXNativeTarget;
			buildConfigurationList = 710B85761F948404004DBC72 /* Build configuration list for PBXNativeTarget "GarageOpener" */;
			buildPhases = (
				710B85551F948404004DBC72 /* Sources */,
				710B85561F948404004DBC72 /* Frameworks */,
				710B85571F948404004DBC72 /* Resources */,
			);
			buildRules = (
			);
			dependencies = (
			);
			name = GarageOpener;
			productName = GarageOpener;
			productReference = 710B85591F948404004DBC72 /* GarageOpener.app */;
			productType = "com.apple.product-type.application";
		};
		710B856C1F948404004DBC72 /* GarageOpenerTests */ = {
			isa = PBXNativeTarget;
			buildConfigurationList = 710B85791F948404004DBC72 /* Build configuration list for PBXNativeTarget "GarageOpenerTests" */;
			buildPhases = (
				710B85691F948404004DBC72 /* Sources */,
				710B856A1F948404004DBC72 /* Frameworks */,
				710B856B1F948404004DBC72 /* Resources */,
			);
			buildRules = (
			);
			dependencies = (
				710B856F1F948404004DBC72 /* PBXTargetDependency */,
			);
			name = GarageOpenerTests;
			productName = GarageOpenerTests;
			productReference = 710B856D1F948404004DBC72 /* GarageOpenerTests.xctest */;
			productType = "com.apple.product-type.bundle.unit-test";
		};
/* End PBXNativeTarget section */

/* Begin PBXProject section */
		710B85511F948404004DBC72 /* Project object */ = {
			isa = PBXProject;
			attributes = {
				LastSwiftUpdateCheck = 0900;
				LastUpgradeCheck = 0900;
				ORGANIZATIONNAME = Vanessa;
				TargetAttributes = {
					710B85581F948404004DBC72 = {
						CreatedOnToolsVersion = 9.0;
						ProvisioningStyle = Automatic;
					};
					710B856C1F948404004DBC72 = {
						CreatedOnToolsVersion = 9.0;
						ProvisioningStyle = Automatic;
						TestTargetID = 710B85581F948404004DBC72;
					};
				};
			};
			buildConfigurationList = 710B85541F948404004DBC72 /* Build configuration list for PBXProject "GarageOpener" */;
			compatibilityVersion = "Xcode 8.0";
			developmentRegion = en;
			hasScannedForEncodings = 0;
			knownRegions = (
				en,
				Base,
			);
			mainGroup = 710B85501F948404004DBC72;
			productRefGroup = 710B855A1F948404004DBC72 /* Products */;
			projectDirPath = "";
			projectRoot = "";
			targets = (
				710B85581F948404004DBC72 /* GarageOpener */,
				710B856C1F948404004DBC72 /* GarageOpenerTests */,
			);
		};
/* End PBXProject section */

/* Begin PBXResourcesBuildPhase section */
		710B85571F948404004DBC72 /* Resources */ = {
			isa = PBXResourcesBuildPhase;
			buildActionMask = 2147483647;
			files = (
				710B85671F948404004DBC72 /* LaunchScreen.storyboard in Resources */,
				710B85641F948404004DBC72 /* Assets.xcassets in Resources */,
				710B85621F948404004DBC72 /* Main.storyboard in Resources */,
			);
			runOnlyForDeploymentPostprocessing = 0;
		};
		710B856B1F948404004DBC72 /* Resources */ = {
			isa = PBXResourcesBuildPhase;
			buildActionMask = 2147483647;
			files = (
			);
			runOnlyForDeploymentPostprocessing = 0;
		};
/* End PBXResourcesBuildPhase section */

/* Begin PBXSourcesBuildPhase section */
		710B85551F948404004DBC72 /* Sources */ = {
			isa = PBXSourcesBuildPhase;
			buildActionMask = 2147483647;
			files = (
				710B857D1F9485BF004DBC72 /* GarageOpenerButton.swift in Sources */,
				710B855F1F948404004DBC72 /* ViewController.swift in Sources */,
				710B855D1F948404004DBC72 /* AppDelegate.swift in Sources */,
			);
			runOnlyForDeploymentPostprocessing = 0;
		};
		710B85691F948404004DBC72 /* Sources */ = {
			isa = PBXSourcesBuildPhase;
			buildActionMask = 2147483647;
			files = (
				710B85721F948404004DBC72 /* GarageOpenerTests.swift in Sources */,
			);
			runOnlyForDeploymentPostprocessing = 0;
		};
/* End PBXSourcesBuildPhase section */

/* Begin PBXTargetDependency section */
		710B856F1F948404004DBC72 /* PBXTargetDependency */ = {
			isa = PBXTargetDependency;
			target = 710B85581F948404004DBC72 /* GarageOpener */;
			targetProxy = 710B856E1F948404004DBC72 /* PBXContainerItemProxy */;
		};
/* End PBXTargetDependency section */

/* Begin PBXVariantGroup section */
		710B85601F948404004DBC72 /* Main.storyboard */ = {
			isa = PBXVariantGroup;
			children = (
				710B85611F948404004DBC72 /* Base */,
			);
			name = Main.storyboard;
			sourceTree = "<group>";
		};
		710B85651F948404004DBC72 /* LaunchScreen.storyboard */ = {
			isa = PBXVariantGroup;
			children = (
				710B85661F948404004DBC72 /* Base */,
			);
			name = LaunchScreen.storyboard;
			sourceTree = "<group>";
		};
/* End PBXVariantGroup section */

/* Begin XCBuildConfiguration section */
		710B85741F948404004DBC72 /* Debug */ = {
			isa = XCBuildConfiguration;
			buildSettings = {
				ALWAYS_SEARCH_USER_PATHS = NO;
				CLANG_ANALYZER_NONNULL = YES;
				CLANG_ANALYZER_NUMBER_OBJECT_CONVERSION = YES_AGGRESSIVE;
				CLANG_CXX_LANGUAGE_STANDARD = "gnu++14";
				CLANG_CXX_LIBRARY = "libc++";
				CLANG_ENABLE_MODULES = YES;
				CLANG_ENABLE_OBJC_ARC = YES;
				CLANG_WARN_BLOCK_CAPTURE_AUTORELEASING = YES;
				CLANG_WARN_BOOL_CONVERSION = YES;
				CLANG_WARN_COMMA = YES;
				CLANG_WARN_CONSTANT_CONVERSION = YES;
				CLANG_WARN_DIRECT_OBJC_ISA_USAGE = YES_ERROR;
				CLANG_WARN_DOCUMENTATION_COMMENTS = YES;
				CLANG_WARN_EMPTY_BODY = YES;
				CLANG_WARN_ENUM_CONVERSION = YES;
				CLANG_WARN_INFINITE_RECURSION = YES;
				CLANG_WARN_INT_CONVERSION = YES;
				CLANG_WARN_NON_LITERAL_NULL_CONVERSION = YES;
				CLANG_WARN_OBJC_LITERAL_CONVERSION = YES;
				CLANG_WARN_OBJC_ROOT_CLASS = YES_ERROR;
				CLANG_WARN_RANGE_LOOP_ANALYSIS = YES;
				CLANG_WARN_STRICT_PROTOTYPES = YES;
				CLANG_WARN_SUSPICIOUS_MOVE = YES;
				CLANG_WARN_UNGUARDED_AVAILABILITY = YES_AGGRESSIVE;
				CLANG_WARN_UNREACHABLE_CODE = YES;
				CLANG_WARN__DUPLICATE_METHOD_MATCH = YES;
				CODE_SIGN_IDENTITY = "iPhone Developer";
				COPY_PHASE_STRIP = NO;
				DEBUG_INFORMATION_FORMAT = dwarf;
				ENABLE_STRICT_OBJC_MSGSEND = YES;
				ENABLE_TESTABILITY = YES;
				GCC_C_LANGUAGE_STANDARD = gnu11;
				GCC_DYNAMIC_NO_PIC = NO;
				GCC_NO_COMMON_BLOCKS = YES;
				GCC_OPTIMIZATION_LEVEL = 0;
				GCC_PREPROCESSOR_DEFINITIONS = (
					"DEBUG=1",
					"$(inherited)",
				);
				GCC_WARN_64_TO_32_BIT_CONVERSION = YES;
				GCC_WARN_ABOUT_RETURN_TYPE = YES_ERROR;
				GCC_WARN_UNDECLARED_SELECTOR = YES;
				GCC_WARN_UNINITIALIZED_AUTOS = YES_AGGRESSIVE;
				GCC_WARN_UNUSED_FUNCTION = YES;
				GCC_WARN_UNUSED_VARIABLE = YES;
				IPHONEOS_DEPLOYMENT_TARGET = 11.0;
				MTL_ENABLE_DEBUG_INFO = YES;
				ONLY_ACTIVE_ARCH = YES;
				SDKROOT = iphoneos;
				SWIFT_ACTIVE_COMPILATION_CONDITIONS = DEBUG;
				SWIFT_OPTIMIZATION_LEVEL = "-Onone";
			};
			name = Debug;
		};
		710B85751F948404004DBC72 /* Release */ = {
			isa = XCBuildConfiguration;
			buildSettings = {
				ALWAYS_SEARCH_USER_PATHS = NO;
				CLANG_ANALYZER_NONNULL = YES;
				CLANG_ANALYZER_NUMBER_OBJECT_CONVERSION = YES_AGGRESSIVE;
				CLANG_CXX_LANGUAGE_STANDARD = "gnu++14";
				CLANG_CXX_LIBRARY = "libc++";
				CLANG_ENABLE_MODULES = YES;
				CLANG_ENABLE_OBJC_ARC = YES;
				CLANG_WARN_BLOCK_CAPTURE_AUTORELEASING = YES;
				CLANG_WARN_BOOL_CONVERSION = YES;
				CLANG_WARN_COMMA = YES;
				CLANG_WARN_CONSTANT_CONVERSION = YES;
				CLANG_WARN_DIRECT_OBJC_ISA_USAGE = YES_ERROR;
				CLANG_WARN_DOCUMENTATION_COMMENTS = YES;
				CLANG_WARN_EMPTY_BODY = YES;
				CLANG_WARN_ENUM_CONVERSION = YES;
				CLANG_WARN_INFINITE_RECURSION = YES;
				CLANG_WARN_INT_CONVERSION = YES;
				CLANG_WARN_NON_LITERAL_NULL_CONVERSION = YES;
				CLANG_WARN_OBJC_LITERAL_CONVERSION = YES;
				CLANG_WARN_OBJC_ROOT_CLASS = YES_ERROR;
				CLANG_WARN_RANGE_LOOP_ANALYSIS = YES;
				CLANG_WARN_STRICT_PROTOTYPES = YES;
				CLANG_WARN_SUSPICIOUS_MOVE = YES;
				CLANG_WARN_UNGUARDED_AVAILABILITY = YES_AGGRESSIVE;
				CLANG_WARN_UNREACHABLE_CODE = YES;
				CLANG_WARN__DUPLICATE_METHOD_MATCH = YES;
				CODE_SIGN_IDENTITY = "iPhone Developer";
				COPY_PHASE_STRIP = NO;
				DEBUG_INFORMATION_FORMAT = "dwarf-with-dsym";
				ENABLE_NS_ASSERTIONS = NO;
				ENABLE_STRICT_OBJC_MSGSEND = YES;
				GCC_C_LANGUAGE_STANDARD = gnu11;
				GCC_NO_COMMON_BLOCKS = YES;
				GCC_WARN_64_TO_32_BIT_CONVERSION = YES;
				GCC_WARN_ABOUT_RETURN_TYPE = YES_ERROR;
				GCC_WARN_UNDECLARED_SELECTOR = YES;
				GCC_WARN_UNINITIALIZED_AUTOS = YES_AGGRESSIVE;
				GCC_WARN_UNUSED_FUNCTION = YES;
				GCC_WARN_UNUSED_VARIABLE = YES;
				IPHONEOS_DEPLOYMENT_TARGET = 11.0;
				MTL_ENABLE_DEBUG_INFO = NO;
				SDKROOT = iphoneos;
				SWIFT_OPTIMIZATION_LEVEL = "-Owholemodule";
				VALIDATE_PRODUCT = YES;
			};
			name = Release;
		};
		710B85771F948404004DBC72 /* Debug */ = {
			isa = XCBuildConfiguration;
			buildSettings = {
				ASSETCATALOG_COMPILER_APPICON_NAME = AppIcon;
				CODE_SIGN_STYLE = Automatic;
				INFOPLIST_FILE = GarageOpener/Info.plist;
				LD_RUNPATH_SEARCH_PATHS = "$(inherited) @executable_path/Frameworks";
				PRODUCT_BUNDLE_IDENTIFIER = com.example.GarageOpener;
				PRODUCT_NAME = "$(TARGET_NAME)";
				SWIFT_VERSION = 4.0;
				TARGETED_DEVICE_FAMILY = "1,2";
			};
			name = Debug;
		};
		710B85781F948404004DBC72 /* Release */ = {
			isa = XCBuildConfiguration;
			buildSettings = {
				ASSETCATALOG_COMPILER_APPICON_NAME = AppIcon;
				CODE_SIGN_STYLE = Automatic;
				INFOPLIST_FILE = GarageOpener/Info.plist;
				LD_RUNPATH_SEARCH_PATHS = "$(inherited) @executable_path/Frameworks";
				PRODUCT_BUNDLE_IDENTIFIER = com.example.GarageOpener;
				PRODUCT_NAME = "$(TARGET_NAME)";
				SWIFT_VERSION = 4.0;
				TARGETED_DEVICE_FAMILY = "1,2";
			};
			name = Release;
		};
		710B857A1F948404004DBC72 /* Debug */ = {
			isa = XCBuildConfiguration;
			buildSettings = {
				ALWAYS_EMBED_SWIFT_STANDARD_LIBRARIES = YES;
				BUNDLE_LOADER = "$(TEST_HOST)";
				CODE_SIGN_STYLE = Automatic;
				INFOPLIST_FILE = GarageOpenerTests/Info.plist;
				LD_RUNPATH_SEARCH_PATHS = "$(inherited) @executable_path/Frameworks @loader_path/Frameworks";
				PRODUCT_BUNDLE_IDENTIFIER = com.example.GarageOpenerTests;
				PRODUCT_NAME = "$(TARGET_NAME)";
				SWIFT_VERSION = 4.0;
				TARGETED_DEVICE_FAMILY = "1,2";
				TEST_HOST = "$(BUILT_PRODUCTS_DIR)/GarageOpener.app/GarageOpener";
			};
			name = Debug;
		};
		710B857B1F948404004DBC72 /* Release */ = {
			isa = XCBuildConfiguration;
			buildSettings = {
				ALWAYS_EMBED_SWIFT_STANDARD_LIBRARIES = YES;
				BUNDLE_LOADER = "$(TEST_HOST)";
				CODE_SIGN_STYLE = Automatic;
				INFOPLIST_FILE = GarageOpenerTests/Info.plist;
				LD_RUNPATH_SEARCH_PATHS = "$(inherited) @executable_path/Frameworks @loader_path/Frameworks";
				PRODUCT_BUNDLE_IDENTIFIER = com.example.GarageOpenerTests;
				PRODUCT_NAME = "$(TARGET_NAME)";
				SWIFT_VERSION = 4.0;
				TARGETED_DEVICE_FAMILY = "1,2";
				TEST_HOST = "$(BUILT_PRODUCTS_DIR)/GarageOpener.app/GarageOpener";
			};
			name = Release;
		};
/* End XCBuildConfiguration section */

/* Begin XCConfigurationList section */
		710B85541F948404004DBC72 /* Build configuration list for PBXProject "GarageOpener" */ = {
			isa = XCConfigurationList;
			buildConfigurations = (
				710B85741F948404004DBC72 /* Debug */,
				710B85751F948404004DBC72 /* Release */,
			);
			defaultConfigurationIsVisible = 0;
			defaultConfigurationName = Release;
		};
		710B85761F948404004DBC72 /* Build configuration list for PBXNativeTarget "GarageOpener" */ = {
			isa = XCConfigurationList;
			buildConfigurations = (
				710B85771F948404004DBC72 /* Debug */,
				710B85781F948404004DBC72 /* Release */,
			);
			defaultConfigurationIsVisible = 0;
			defaultConfigurationName = Release;
		};
		710B85791F948404004DBC72 /* Build configuration list for PBXNativeTarget "GarageOpenerTests" */ = {
			isa = XCConfigurationList;
			buildConfigurations = (
				710B857A1F948404004DBC72 /* Debug */,
				710B857B1F948404004DBC72 /* Release */,
			);
			defaultConfigurationIsVisible = 0;
			defaultConfigurationName = Release;
		};
/* End XCConfigurationList section */
	};
	rootObject = 710B85511F948404004DBC72 /* Project object */;
}
